
Microsoft Visual Studio Solution File, Format Version 12.00
# Visual Studio 14
VisualStudioVersion = 14.0.25420.1
MinimumVisualStudioVersion = 10.0.40219.1
Project("{FAE04EC0-301F-11D3-BF4B-00C04F79EFBC}") = "FunWithUnitTesting", "FunWithUnitTesting\FunWithUnitTesting.csproj", "{1A7C4239-EFE2-4BD1-BC06-751B5266BA85}"
EndProject
Project("{FAE04EC0-301F-11D3-BF4B-00C04F79EFBC}") = "FunWithUnitTestingTests", "FunWithUnitTestingTests\FunWithUnitTestingTests.csproj", "{3404FB2C-DE0E-40B1-B959-E5B5547F2C41}"
EndProject
Global
	GlobalSection(SolutionConfigurationPlatforms) = preSolution
		Debug|Any CPU = Debug|Any CPU
		Release|Any CPU = Release|Any CPU
	EndGlobalSection
	GlobalSection(ProjectConfigurationPlatforms) = postSolution
		{1A7C4239-EFE2-4BD1-BC06-751B5266BA85}.Debug|Any CPU.ActiveCfg = Debug|Any CPU
		{1A7C4239-EFE2-4BD1-BC06-751B5266BA85}.Debug|Any CPU.Build.0 = Debug|Any CPU
		{1A7C4239-EFE2-4BD1-BC06-751B5266BA85}.Release|Any CPU.ActiveCfg = Release|Any CPU
		{1A7C4239-EFE2-4BD1-BC06-751B5266BA85}.Release|Any CPU.Build.0 = Release|Any CPU
		{3404FB2C-DE0E-40B1-B959-E5B5547F2C41}.Debug|Any CPU.ActiveCfg = Debug|Any CPU
		{3404FB2C-DE0E-40B1-B959-E5B5547F2C41}.Debug|Any CPU.Build.0 = Debug|Any CPU
		{3404FB2C-DE0E-40B1-B959-E5B5547F2C41}.Release|Any CPU.ActiveCfg = Release|Any CPU
		{3404FB2C-DE0E-40B1-B959-E5B5547F2C41}.Release|Any CPU.Build.0 = Release|Any CPU
	EndGlobalSection
	GlobalSection(SolutionProperties) = preSolution
		HideSolutionNode = FALSE
	EndGlobalSection
EndGlobal
